
Microsoft Visual Studio Solution File, Format Version 12.00
# Visual Studio Version 16
VisualStudioVersion = 16.0.29806.167
MinimumVisualStudioVersion = 10.0.40219.1
Project("{9A19103F-16F7-4668-BE54-9A1E7A4F7556}") = "PickupBot", "PickupBot\PickupBot.csproj", "{201CA5A4-6491-4911-9AB2-8CB39FD215EF}"
EndProject
Project("{9A19103F-16F7-4668-BE54-9A1E7A4F7556}") = "PickupBot.Commands", "PickupBot.Commands\PickupBot.Commands.csproj", "{98ADB8B9-E2CA-46EF-84B1-AE3B2C325C8E}"
EndProject
Project("{2150E333-8FDC-42A3-9474-1A3956D46DE8}") = "Solution Items", "Solution Items", "{1AE0AB04-A833-4EA2-9188-3AB516A32B4B}"
	ProjectSection(SolutionItems) = preProject
		.github\workflows\dotnetcore.yml = .github\workflows\dotnetcore.yml
		README.md = README.md
	EndProjectSection
EndProject
Project("{9A19103F-16F7-4668-BE54-9A1E7A4F7556}") = "PickupBot.Data", "PickupBot.Data\PickupBot.Data.csproj", "{8CC4FB91-0E70-43E4-8879-D37FF529E43A}"
EndProject
Project("{9A19103F-16F7-4668-BE54-9A1E7A4F7556}") = "PickupBot.Translation", "PickupBot.Translation\PickupBot.Translation.csproj", "{1FE7EA78-D812-4895-9621-ECB2188F8A2E}"
EndProject
Project("{FAE04EC0-301F-11D3-BF4B-00C04F79EFBC}") = "PickupBot.GitHub", "PickupBot.GitHub\PickupBot.GitHub.csproj", "{1A49EC39-5147-48A3-AB5B-F1FFDEE253CE}"
EndProject
Global
	GlobalSection(SolutionConfigurationPlatforms) = preSolution
		Debug|Any CPU = Debug|Any CPU
		Release|Any CPU = Release|Any CPU
	EndGlobalSection
	GlobalSection(ProjectConfigurationPlatforms) = postSolution
		{201CA5A4-6491-4911-9AB2-8CB39FD215EF}.Debug|Any CPU.ActiveCfg = Debug|Any CPU
		{201CA5A4-6491-4911-9AB2-8CB39FD215EF}.Debug|Any CPU.Build.0 = Debug|Any CPU
		{201CA5A4-6491-4911-9AB2-8CB39FD215EF}.Release|Any CPU.ActiveCfg = Release|Any CPU
		{201CA5A4-6491-4911-9AB2-8CB39FD215EF}.Release|Any CPU.Build.0 = Release|Any CPU
		{98ADB8B9-E2CA-46EF-84B1-AE3B2C325C8E}.Debug|Any CPU.ActiveCfg = Debug|Any CPU
		{98ADB8B9-E2CA-46EF-84B1-AE3B2C325C8E}.Debug|Any CPU.Build.0 = Debug|Any CPU
		{98ADB8B9-E2CA-46EF-84B1-AE3B2C325C8E}.Release|Any CPU.ActiveCfg = Release|Any CPU
		{98ADB8B9-E2CA-46EF-84B1-AE3B2C325C8E}.Release|Any CPU.Build.0 = Release|Any CPU
		{8CC4FB91-0E70-43E4-8879-D37FF529E43A}.Debug|Any CPU.ActiveCfg = Debug|Any CPU
		{8CC4FB91-0E70-43E4-8879-D37FF529E43A}.Debug|Any CPU.Build.0 = Debug|Any CPU
		{8CC4FB91-0E70-43E4-8879-D37FF529E43A}.Release|Any CPU.ActiveCfg = Release|Any CPU
		{8CC4FB91-0E70-43E4-8879-D37FF529E43A}.Release|Any CPU.Build.0 = Release|Any CPU
		{1FE7EA78-D812-4895-9621-ECB2188F8A2E}.Debug|Any CPU.ActiveCfg = Debug|Any CPU
		{1FE7EA78-D812-4895-9621-ECB2188F8A2E}.Debug|Any CPU.Build.0 = Debug|Any CPU
		{1FE7EA78-D812-4895-9621-ECB2188F8A2E}.Release|Any CPU.ActiveCfg = Release|Any CPU
		{1FE7EA78-D812-4895-9621-ECB2188F8A2E}.Release|Any CPU.Build.0 = Release|Any CPU
		{1A49EC39-5147-48A3-AB5B-F1FFDEE253CE}.Debug|Any CPU.ActiveCfg = Debug|Any CPU
		{1A49EC39-5147-48A3-AB5B-F1FFDEE253CE}.Debug|Any CPU.Build.0 = Debug|Any CPU
		{1A49EC39-5147-48A3-AB5B-F1FFDEE253CE}.Release|Any CPU.ActiveCfg = Release|Any CPU
		{1A49EC39-5147-48A3-AB5B-F1FFDEE253CE}.Release|Any CPU.Build.0 = Release|Any CPU
	EndGlobalSection
	GlobalSection(SolutionProperties) = preSolution
		HideSolutionNode = FALSE
	EndGlobalSection
	GlobalSection(ExtensibilityGlobals) = postSolution
		SolutionGuid = {B99E93C4-E6A5-48B6-9D37-DF5CD52BB8F6}
	EndGlobalSection
EndGlobal
